// !$*UTF8*$!
{
	archiveVersion = 1;
	classes = {
	};
	objectVersion = 46;
	objects = {

/* Begin PBXBuildFile section */
		5968C8851BB5E6DF009E2F7A /* AppDelegate.swift in Sources */ = {isa = PBXBuildFile; fileRef = 5968C8841BB5E6DF009E2F7A /* AppDelegate.swift */; };
		5968C8871BB5E6DF009E2F7A /* ViewController.swift in Sources */ = {isa = PBXBuildFile; fileRef = 5968C8861BB5E6DF009E2F7A /* ViewController.swift */; };
		5968C88A1BB5E6DF009E2F7A /* Main.storyboard in Resources */ = {isa = PBXBuildFile; fileRef = 5968C8881BB5E6DF009E2F7A /* Main.storyboard */; };
		5968C88C1BB5E6DF009E2F7A /* Images.xcassets in Resources */ = {isa = PBXBuildFile; fileRef = 5968C88B1BB5E6DF009E2F7A /* Images.xcassets */; };
		5968C88F1BB5E6DF009E2F7A /* LaunchScreen.xib in Resources */ = {isa = PBXBuildFile; fileRef = 5968C88D1BB5E6DF009E2F7A /* LaunchScreen.xib */; };
		5968C89B1BB5E6DF009E2F7A /* hackathonLNTests.swift in Sources */ = {isa = PBXBuildFile; fileRef = 5968C89A1BB5E6DF009E2F7A /* hackathonLNTests.swift */; };
		5968C8A51BB5E915009E2F7A /* SwiftyJSON.swift in Sources */ = {isa = PBXBuildFile; fileRef = 5968C8A41BB5E915009E2F7A /* SwiftyJSON.swift */; };
		5968C8A71BB5E92A009E2F7A /* Utils.swift in Sources */ = {isa = PBXBuildFile; fileRef = 5968C8A61BB5E92A009E2F7A /* Utils.swift */; };
		5968C8AA1BB5EAED009E2F7A /* LastNewsCell.swift in Sources */ = {isa = PBXBuildFile; fileRef = 5968C8A91BB5EAED009E2F7A /* LastNewsCell.swift */; };
		5968C8AC1BB5F54A009E2F7A /* DetailViewController.swift in Sources */ = {isa = PBXBuildFile; fileRef = 5968C8AB1BB5F54A009E2F7A /* DetailViewController.swift */; };
		5968C8B61BB611BD009E2F7A /* UIImage+ImageEffects.m in Sources */ = {isa = PBXBuildFile; fileRef = 5968C8B51BB611BD009E2F7A /* UIImage+ImageEffects.m */; };
		5968C9101BB65B2E009E2F7A /* LoginViewController.swift in Sources */ = {isa = PBXBuildFile; fileRef = 5968C90F1BB65B2E009E2F7A /* LoginViewController.swift */; };
		5968C9121BB65BCC009E2F7A /* NavController.swift in Sources */ = {isa = PBXBuildFile; fileRef = 5968C9111BB65BCC009E2F7A /* NavController.swift */; };
		59E979CB1BB672A7007517D6 /* Bolts.framework in Frameworks */ = {isa = PBXBuildFile; fileRef = 59E979C91BB672A7007517D6 /* Bolts.framework */; };
		59E979CC1BB672A7007517D6 /* Parse.framework in Frameworks */ = {isa = PBXBuildFile; fileRef = 59E979CA1BB672A7007517D6 /* Parse.framework */; };
		59E979CF1BB6741C007517D6 /* FBSDKCoreKit.framework in Frameworks */ = {isa = PBXBuildFile; fileRef = 59E979CD1BB6741C007517D6 /* FBSDKCoreKit.framework */; };
		59E979D01BB6741C007517D6 /* FBSDKLoginKit.framework in Frameworks */ = {isa = PBXBuildFile; fileRef = 59E979CE1BB6741C007517D6 /* FBSDKLoginKit.framework */; };
		59E979D21BB68AF8007517D6 /* AVFoundation.framework in Frameworks */ = {isa = PBXBuildFile; fileRef = 59E979D11BB68AF8007517D6 /* AVFoundation.framework */; };
		59E979D41BB69D22007517D6 /* DetailCollectionCell.swift in Sources */ = {isa = PBXBuildFile; fileRef = 59E979D31BB69D22007517D6 /* DetailCollectionCell.swift */; };
		59E979D81BB6CF11007517D6 /* stop.mp3 in Resources */ = {isa = PBXBuildFile; fileRef = 59E979D61BB6CF11007517D6 /* stop.mp3 */; };
		59E979DC1BB6D104007517D6 /* start.mp3 in Resources */ = {isa = PBXBuildFile; fileRef = 59E979DB1BB6D104007517D6 /* start.mp3 */; };
		59E979E01BB6D848007517D6 /* Fabric.framework in Frameworks */ = {isa = PBXBuildFile; fileRef = 59E979DE1BB6D848007517D6 /* Fabric.framework */; };
		59E979E11BB6D848007517D6 /* Crashlytics.framework in Frameworks */ = {isa = PBXBuildFile; fileRef = 59E979DF1BB6D848007517D6 /* Crashlytics.framework */; };
		5BF419581BB6686200E263CD /* AudioToolbox.framework in Frameworks */ = {isa = PBXBuildFile; fileRef = 5BF419571BB6686200E263CD /* AudioToolbox.framework */; };
		5BF4195A1BB6686F00E263CD /* CFNetwork.framework in Frameworks */ = {isa = PBXBuildFile; fileRef = 5BF419591BB6686F00E263CD /* CFNetwork.framework */; };
		5BF4195C1BB6687B00E263CD /* CoreGraphics.framework in Frameworks */ = {isa = PBXBuildFile; fileRef = 5BF4195B1BB6687B00E263CD /* CoreGraphics.framework */; };
		5BF4195E1BB6688600E263CD /* CoreLocation.framework in Frameworks */ = {isa = PBXBuildFile; fileRef = 5BF4195D1BB6688600E263CD /* CoreLocation.framework */; };
		5BF419601BB6689100E263CD /* QuartzCore.framework in Frameworks */ = {isa = PBXBuildFile; fileRef = 5BF4195F1BB6689100E263CD /* QuartzCore.framework */; };
		5BF419621BB6689C00E263CD /* Security.framework in Frameworks */ = {isa = PBXBuildFile; fileRef = 5BF419611BB6689C00E263CD /* Security.framework */; };
		5BF419661BB668AF00E263CD /* SystemConfiguration.framework in Frameworks */ = {isa = PBXBuildFile; fileRef = 5BF419651BB668AF00E263CD /* SystemConfiguration.framework */; };
		5BF419681BB668B800E263CD /* libz.dylib in Frameworks */ = {isa = PBXBuildFile; fileRef = 5BF419671BB668B800E263CD /* libz.dylib */; };
		5BF4196A1BB668CC00E263CD /* libsqlite3.dylib in Frameworks */ = {isa = PBXBuildFile; fileRef = 5BF419691BB668CC00E263CD /* libsqlite3.dylib */; };
/* End PBXBuildFile section */

/* Begin PBXContainerItemProxy section */
		5968C8951BB5E6DF009E2F7A /* PBXContainerItemProxy */ = {
			isa = PBXContainerItemProxy;
			containerPortal = 5968C8771BB5E6DF009E2F7A /* Project object */;
			proxyType = 1;
			remoteGlobalIDString = 5968C87E1BB5E6DF009E2F7A;
			remoteInfo = hackathonLN;
		};
/* End PBXContainerItemProxy section */

/* Begin PBXFileReference section */
		5968C87F1BB5E6DF009E2F7A /* hackathonLN.app */ = {isa = PBXFileReference; explicitFileType = wrapper.application; includeInIndex = 0; path = hackathonLN.app; sourceTree = BUILT_PRODUCTS_DIR; };
		5968C8831BB5E6DF009E2F7A /* Info.plist */ = {isa = PBXFileReference; lastKnownFileType = text.plist.xml; path = Info.plist; sourceTree = "<group>"; };
		5968C8841BB5E6DF009E2F7A /* AppDelegate.swift */ = {isa = PBXFileReference; lastKnownFileType = sourcecode.swift; path = AppDelegate.swift; sourceTree = "<group>"; };
		5968C8861BB5E6DF009E2F7A /* ViewController.swift */ = {isa = PBXFileReference; lastKnownFileType = sourcecode.swift; path = ViewController.swift; sourceTree = "<group>"; };
		5968C8891BB5E6DF009E2F7A /* Base */ = {isa = PBXFileReference; lastKnownFileType = file.storyboard; name = Base; path = Base.lproj/Main.storyboard; sourceTree = "<group>"; };
		5968C88B1BB5E6DF009E2F7A /* Images.xcassets */ = {isa = PBXFileReference; lastKnownFileType = folder.assetcatalog; path = Images.xcassets; sourceTree = "<group>"; };
		5968C88E1BB5E6DF009E2F7A /* Base */ = {isa = PBXFileReference; lastKnownFileType = file.xib; name = Base; path = Base.lproj/LaunchScreen.xib; sourceTree = "<group>"; };
		5968C8941BB5E6DF009E2F7A /* hackathonLNTests.xctest */ = {isa = PBXFileReference; explicitFileType = wrapper.cfbundle; includeInIndex = 0; path = hackathonLNTests.xctest; sourceTree = BUILT_PRODUCTS_DIR; };
		5968C8991BB5E6DF009E2F7A /* Info.plist */ = {isa = PBXFileReference; lastKnownFileType = text.plist.xml; path = Info.plist; sourceTree = "<group>"; };
		5968C89A1BB5E6DF009E2F7A /* hackathonLNTests.swift */ = {isa = PBXFileReference; lastKnownFileType = sourcecode.swift; path = hackathonLNTests.swift; sourceTree = "<group>"; };
		5968C8A41BB5E915009E2F7A /* SwiftyJSON.swift */ = {isa = PBXFileReference; fileEncoding = 4; lastKnownFileType = sourcecode.swift; path = SwiftyJSON.swift; sourceTree = "<group>"; };
		5968C8A61BB5E92A009E2F7A /* Utils.swift */ = {isa = PBXFileReference; fileEncoding = 4; lastKnownFileType = sourcecode.swift; path = Utils.swift; sourceTree = "<group>"; };
		5968C8A91BB5EAED009E2F7A /* LastNewsCell.swift */ = {isa = PBXFileReference; fileEncoding = 4; lastKnownFileType = sourcecode.swift; path = LastNewsCell.swift; sourceTree = "<group>"; };
		5968C8AB1BB5F54A009E2F7A /* DetailViewController.swift */ = {isa = PBXFileReference; fileEncoding = 4; lastKnownFileType = sourcecode.swift; path = DetailViewController.swift; sourceTree = "<group>"; };
		5968C8AD1BB6100F009E2F7A /* hackathonLN-Bridging-Header.h */ = {isa = PBXFileReference; lastKnownFileType = sourcecode.c.h; path = "hackathonLN-Bridging-Header.h"; sourceTree = "<group>"; };
		5968C8B41BB611BD009E2F7A /* UIImage+ImageEffects.h */ = {isa = PBXFileReference; fileEncoding = 4; lastKnownFileType = sourcecode.c.h; path = "UIImage+ImageEffects.h"; sourceTree = "<group>"; };
		5968C8B51BB611BD009E2F7A /* UIImage+ImageEffects.m */ = {isa = PBXFileReference; fileEncoding = 4; lastKnownFileType = sourcecode.c.objc; path = "UIImage+ImageEffects.m"; sourceTree = "<group>"; };
		5968C90F1BB65B2E009E2F7A /* LoginViewController.swift */ = {isa = PBXFileReference; fileEncoding = 4; lastKnownFileType = sourcecode.swift; path = LoginViewController.swift; sourceTree = "<group>"; };
		5968C9111BB65BCC009E2F7A /* NavController.swift */ = {isa = PBXFileReference; fileEncoding = 4; lastKnownFileType = sourcecode.swift; path = NavController.swift; sourceTree = "<group>"; };
		59E979C91BB672A7007517D6 /* Bolts.framework */ = {isa = PBXFileReference; lastKnownFileType = wrapper.framework; path = Bolts.framework; sourceTree = "<group>"; };
		59E979CA1BB672A7007517D6 /* Parse.framework */ = {isa = PBXFileReference; lastKnownFileType = wrapper.framework; path = Parse.framework; sourceTree = "<group>"; };
		59E979CD1BB6741C007517D6 /* FBSDKCoreKit.framework */ = {isa = PBXFileReference; lastKnownFileType = wrapper.framework; name = FBSDKCoreKit.framework; path = ../../../FacebookSDK/FBSDKCoreKit.framework; sourceTree = "<group>"; };
		59E979CE1BB6741C007517D6 /* FBSDKLoginKit.framework */ = {isa = PBXFileReference; lastKnownFileType = wrapper.framework; name = FBSDKLoginKit.framework; path = ../../../FacebookSDK/FBSDKLoginKit.framework; sourceTree = "<group>"; };
		59E979D11BB68AF8007517D6 /* AVFoundation.framework */ = {isa = PBXFileReference; lastKnownFileType = wrapper.framework; name = AVFoundation.framework; path = System/Library/Frameworks/AVFoundation.framework; sourceTree = SDKROOT; };
		59E979D31BB69D22007517D6 /* DetailCollectionCell.swift */ = {isa = PBXFileReference; fileEncoding = 4; lastKnownFileType = sourcecode.swift; path = DetailCollectionCell.swift; sourceTree = "<group>"; };
		59E979D61BB6CF11007517D6 /* stop.mp3 */ = {isa = PBXFileReference; lastKnownFileType = audio.mp3; path = stop.mp3; sourceTree = "<group>"; };
		59E979DB1BB6D104007517D6 /* start.mp3 */ = {isa = PBXFileReference; lastKnownFileType = audio.mp3; path = start.mp3; sourceTree = "<group>"; };
		59E979DE1BB6D848007517D6 /* Fabric.framework */ = {isa = PBXFileReference; lastKnownFileType = wrapper.framework; path = Fabric.framework; sourceTree = SOURCE_ROOT; };
		59E979DF1BB6D848007517D6 /* Crashlytics.framework */ = {isa = PBXFileReference; lastKnownFileType = wrapper.framework; path = Crashlytics.framework; sourceTree = SOURCE_ROOT; };
		5BF419571BB6686200E263CD /* AudioToolbox.framework */ = {isa = PBXFileReference; lastKnownFileType = wrapper.framework; name = AudioToolbox.framework; path = System/Library/Frameworks/AudioToolbox.framework; sourceTree = SDKROOT; };
		5BF419591BB6686F00E263CD /* CFNetwork.framework */ = {isa = PBXFileReference; lastKnownFileType = wrapper.framework; name = CFNetwork.framework; path = System/Library/Frameworks/CFNetwork.framework; sourceTree = SDKROOT; };
		5BF4195B1BB6687B00E263CD /* CoreGraphics.framework */ = {isa = PBXFileReference; lastKnownFileType = wrapper.framework; name = CoreGraphics.framework; path = System/Library/Frameworks/CoreGraphics.framework; sourceTree = SDKROOT; };
		5BF4195D1BB6688600E263CD /* CoreLocation.framework */ = {isa = PBXFileReference; lastKnownFileType = wrapper.framework; name = CoreLocation.framework; path = System/Library/Frameworks/CoreLocation.framework; sourceTree = SDKROOT; };
		5BF4195F1BB6689100E263CD /* QuartzCore.framework */ = {isa = PBXFileReference; lastKnownFileType = wrapper.framework; name = QuartzCore.framework; path = System/Library/Frameworks/QuartzCore.framework; sourceTree = SDKROOT; };
		5BF419611BB6689C00E263CD /* Security.framework */ = {isa = PBXFileReference; lastKnownFileType = wrapper.framework; name = Security.framework; path = System/Library/Frameworks/Security.framework; sourceTree = SDKROOT; };
		5BF419651BB668AF00E263CD /* SystemConfiguration.framework */ = {isa = PBXFileReference; lastKnownFileType = wrapper.framework; name = SystemConfiguration.framework; path = System/Library/Frameworks/SystemConfiguration.framework; sourceTree = SDKROOT; };
		5BF419671BB668B800E263CD /* libz.dylib */ = {isa = PBXFileReference; lastKnownFileType = "compiled.mach-o.dylib"; name = libz.dylib; path = usr/lib/libz.dylib; sourceTree = SDKROOT; };
		5BF419691BB668CC00E263CD /* libsqlite3.dylib */ = {isa = PBXFileReference; lastKnownFileType = "compiled.mach-o.dylib"; name = libsqlite3.dylib; path = usr/lib/libsqlite3.dylib; sourceTree = SDKROOT; };
/* End PBXFileReference section */

/* Begin PBXFrameworksBuildPhase section */
		5968C87C1BB5E6DF009E2F7A /* Frameworks */ = {
			isa = PBXFrameworksBuildPhase;
			buildActionMask = 2147483647;
			files = (
				59E979D21BB68AF8007517D6 /* AVFoundation.framework in Frameworks */,
				5BF4196A1BB668CC00E263CD /* libsqlite3.dylib in Frameworks */,
				5BF419681BB668B800E263CD /* libz.dylib in Frameworks */,
				5BF419661BB668AF00E263CD /* SystemConfiguration.framework in Frameworks */,
				59E979D01BB6741C007517D6 /* FBSDKLoginKit.framework in Frameworks */,
				5BF419621BB6689C00E263CD /* Security.framework in Frameworks */,
				5BF419601BB6689100E263CD /* QuartzCore.framework in Frameworks */,
				5BF4195E1BB6688600E263CD /* CoreLocation.framework in Frameworks */,
				5BF4195C1BB6687B00E263CD /* CoreGraphics.framework in Frameworks */,
				59E979CF1BB6741C007517D6 /* FBSDKCoreKit.framework in Frameworks */,
				59E979E11BB6D848007517D6 /* Crashlytics.framework in Frameworks */,
				59E979CB1BB672A7007517D6 /* Bolts.framework in Frameworks */,
				59E979E01BB6D848007517D6 /* Fabric.framework in Frameworks */,
				5BF4195A1BB6686F00E263CD /* CFNetwork.framework in Frameworks */,
				59E979CC1BB672A7007517D6 /* Parse.framework in Frameworks */,
				5BF419581BB6686200E263CD /* AudioToolbox.framework in Frameworks */,
			);
			runOnlyForDeploymentPostprocessing = 0;
		};
		5968C8911BB5E6DF009E2F7A /* Frameworks */ = {
			isa = PBXFrameworksBuildPhase;
			buildActionMask = 2147483647;
			files = (
			);
			runOnlyForDeploymentPostprocessing = 0;
		};
/* End PBXFrameworksBuildPhase section */

/* Begin PBXGroup section */
		5968C8761BB5E6DF009E2F7A = {
			isa = PBXGroup;
			children = (
				5968C8811BB5E6DF009E2F7A /* hackathonLN */,
				5968C90A1BB6597A009E2F7A /* Frameworks */,
				5968C8971BB5E6DF009E2F7A /* hackathonLNTests */,
				5968C8801BB5E6DF009E2F7A /* Products */,
			);
			sourceTree = "<group>";
		};
		5968C8801BB5E6DF009E2F7A /* Products */ = {
			isa = PBXGroup;
			children = (
				5968C87F1BB5E6DF009E2F7A /* hackathonLN.app */,
				5968C8941BB5E6DF009E2F7A /* hackathonLNTests.xctest */,
			);
			name = Products;
			sourceTree = "<group>";
		};
		5968C8811BB5E6DF009E2F7A /* hackathonLN */ = {
			isa = PBXGroup;
			children = (
				5968C8AD1BB6100F009E2F7A /* hackathonLN-Bridging-Header.h */,
				5968C8841BB5E6DF009E2F7A /* AppDelegate.swift */,
				5968C8A61BB5E92A009E2F7A /* Utils.swift */,
				5968C8A81BB5E978009E2F7A /* Views */,
				5968C8881BB5E6DF009E2F7A /* Main.storyboard */,
				5968C8A41BB5E915009E2F7A /* SwiftyJSON.swift */,
				5968C8B41BB611BD009E2F7A /* UIImage+ImageEffects.h */,
				5968C8B51BB611BD009E2F7A /* UIImage+ImageEffects.m */,
				5968C88B1BB5E6DF009E2F7A /* Images.xcassets */,
				59E979DB1BB6D104007517D6 /* start.mp3 */,
				59E979D61BB6CF11007517D6 /* stop.mp3 */,
				5968C88D1BB5E6DF009E2F7A /* LaunchScreen.xib */,
				5968C8821BB5E6DF009E2F7A /* Supporting Files */,
			);
			path = hackathonLN;
			sourceTree = "<group>";
		};
		5968C8821BB5E6DF009E2F7A /* Supporting Files */ = {
			isa = PBXGroup;
			children = (
				5968C8831BB5E6DF009E2F7A /* Info.plist */,
			);
			name = "Supporting Files";
			sourceTree = "<group>";
		};
		5968C8971BB5E6DF009E2F7A /* hackathonLNTests */ = {
			isa = PBXGroup;
			children = (
				5968C89A1BB5E6DF009E2F7A /* hackathonLNTests.swift */,
				5968C8981BB5E6DF009E2F7A /* Supporting Files */,
			);
			path = hackathonLNTests;
			sourceTree = "<group>";
		};
		5968C8981BB5E6DF009E2F7A /* Supporting Files */ = {
			isa = PBXGroup;
			children = (
				5968C8991BB5E6DF009E2F7A /* Info.plist */,
			);
			name = "Supporting Files";
			sourceTree = "<group>";
		};
		5968C8A81BB5E978009E2F7A /* Views */ = {
			isa = PBXGroup;
			children = (
				5968C90F1BB65B2E009E2F7A /* LoginViewController.swift */,
				5968C9111BB65BCC009E2F7A /* NavController.swift */,
				5968C8861BB5E6DF009E2F7A /* ViewController.swift */,
				5968C8A91BB5EAED009E2F7A /* LastNewsCell.swift */,
				5968C8AB1BB5F54A009E2F7A /* DetailViewController.swift */,
				59E979D31BB69D22007517D6 /* DetailCollectionCell.swift */,
			);
			name = Views;
			sourceTree = "<group>";
		};
		5968C90A1BB6597A009E2F7A /* Frameworks */ = {
			isa = PBXGroup;
			children = (
				59E979DE1BB6D848007517D6 /* Fabric.framework */,
				59E979DF1BB6D848007517D6 /* Crashlytics.framework */,
				59E979D11BB68AF8007517D6 /* AVFoundation.framework */,
				5BF419691BB668CC00E263CD /* libsqlite3.dylib */,
				5BF419671BB668B800E263CD /* libz.dylib */,
				5BF419651BB668AF00E263CD /* SystemConfiguration.framework */,
				5BF419611BB6689C00E263CD /* Security.framework */,
				59E979CD1BB6741C007517D6 /* FBSDKCoreKit.framework */,
				59E979CE1BB6741C007517D6 /* FBSDKLoginKit.framework */,
				5BF4195F1BB6689100E263CD /* QuartzCore.framework */,
				5BF4195D1BB6688600E263CD /* CoreLocation.framework */,
				59E979C91BB672A7007517D6 /* Bolts.framework */,
				59E979CA1BB672A7007517D6 /* Parse.framework */,
				5BF4195B1BB6687B00E263CD /* CoreGraphics.framework */,
				5BF419591BB6686F00E263CD /* CFNetwork.framework */,
				5BF419571BB6686200E263CD /* AudioToolbox.framework */,
			);
			name = Frameworks;
			path = hackathonLN;
			sourceTree = "<group>";
		};
/* End PBXGroup section */

/* Begin PBXNativeTarget section */
		5968C87E1BB5E6DF009E2F7A /* hackathonLN */ = {
			isa = PBXNativeTarget;
			buildConfigurationList = 5968C89E1BB5E6DF009E2F7A /* Build configuration list for PBXNativeTarget "hackathonLN" */;
			buildPhases = (
				5968C87B1BB5E6DF009E2F7A /* Sources */,
				5968C87C1BB5E6DF009E2F7A /* Frameworks */,
				5968C87D1BB5E6DF009E2F7A /* Resources */,
				59E979DD1BB6D82E007517D6 /* ShellScript */,
			);
			buildRules = (
			);
			dependencies = (
			);
			name = hackathonLN;
			productName = hackathonLN;
			productReference = 5968C87F1BB5E6DF009E2F7A /* hackathonLN.app */;
			productType = "com.apple.product-type.application";
		};
		5968C8931BB5E6DF009E2F7A /* hackathonLNTests */ = {
			isa = PBXNativeTarget;
			buildConfigurationList = 5968C8A11BB5E6DF009E2F7A /* Build configuration list for PBXNativeTarget "hackathonLNTests" */;
			buildPhases = (
				5968C8901BB5E6DF009E2F7A /* Sources */,
				5968C8911BB5E6DF009E2F7A /* Frameworks */,
				5968C8921BB5E6DF009E2F7A /* Resources */,
			);
			buildRules = (
			);
			dependencies = (
				5968C8961BB5E6DF009E2F7A /* PBXTargetDependency */,
			);
			name = hackathonLNTests;
			productName = hackathonLNTests;
			productReference = 5968C8941BB5E6DF009E2F7A /* hackathonLNTests.xctest */;
			productType = "com.apple.product-type.bundle.unit-test";
		};
/* End PBXNativeTarget section */

/* Begin PBXProject section */
		5968C8771BB5E6DF009E2F7A /* Project object */ = {
			isa = PBXProject;
			attributes = {
				LastUpgradeCheck = 0640;
				ORGANIZATIONNAME = f0go;
				TargetAttributes = {
					5968C87E1BB5E6DF009E2F7A = {
						CreatedOnToolsVersion = 6.4;
						DevelopmentTeam = 8P26MFFBDF;
						SystemCapabilities = {
							com.apple.InAppPurchase = {
								enabled = 0;
							};
						};
					};
					5968C8931BB5E6DF009E2F7A = {
						CreatedOnToolsVersion = 6.4;
						TestTargetID = 5968C87E1BB5E6DF009E2F7A;
					};
				};
			};
			buildConfigurationList = 5968C87A1BB5E6DF009E2F7A /* Build configuration list for PBXProject "hackathonLN" */;
			compatibilityVersion = "Xcode 3.2";
			developmentRegion = English;
			hasScannedForEncodings = 0;
			knownRegions = (
				en,
				Base,
			);
			mainGroup = 5968C8761BB5E6DF009E2F7A;
			productRefGroup = 5968C8801BB5E6DF009E2F7A /* Products */;
			projectDirPath = "";
			projectRoot = "";
			targets = (
				5968C87E1BB5E6DF009E2F7A /* hackathonLN */,
				5968C8931BB5E6DF009E2F7A /* hackathonLNTests */,
			);
		};
/* End PBXProject section */

/* Begin PBXResourcesBuildPhase section */
		5968C87D1BB5E6DF009E2F7A /* Resources */ = {
			isa = PBXResourcesBuildPhase;
			buildActionMask = 2147483647;
			files = (
				5968C88A1BB5E6DF009E2F7A /* Main.storyboard in Resources */,
				59E979DC1BB6D104007517D6 /* start.mp3 in Resources */,
				59E979D81BB6CF11007517D6 /* stop.mp3 in Resources */,
				5968C88F1BB5E6DF009E2F7A /* LaunchScreen.xib in Resources */,
				5968C88C1BB5E6DF009E2F7A /* Images.xcassets in Resources */,
			);
			runOnlyForDeploymentPostprocessing = 0;
		};
		5968C8921BB5E6DF009E2F7A /* Resources */ = {
			isa = PBXResourcesBuildPhase;
			buildActionMask = 2147483647;
			files = (
			);
			runOnlyForDeploymentPostprocessing = 0;
		};
/* End PBXResourcesBuildPhase section */

/* Begin PBXShellScriptBuildPhase section */
		59E979DD1BB6D82E007517D6 /* ShellScript */ = {
			isa = PBXShellScriptBuildPhase;
			buildActionMask = 2147483647;
			files = (
			);
			inputPaths = (
			);
			outputPaths = (
			);
			runOnlyForDeploymentPostprocessing = 0;
			shellPath = /bin/sh;
			shellScript = "./Fabric.framework/run 7bc779e52031072467002070ebad266b1ce87bbe 4ecad9c42b652b090248c0d916d8ea76f90c1c0e69dd7412343431f4c4c3e5ae";
		};
/* End PBXShellScriptBuildPhase section */

/* Begin PBXSourcesBuildPhase section */
		5968C87B1BB5E6DF009E2F7A /* Sources */ = {
			isa = PBXSourcesBuildPhase;
			buildActionMask = 2147483647;
			files = (
				5968C8A51BB5E915009E2F7A /* SwiftyJSON.swift in Sources */,
				5968C8871BB5E6DF009E2F7A /* ViewController.swift in Sources */,
				5968C8B61BB611BD009E2F7A /* UIImage+ImageEffects.m in Sources */,
				5968C8AA1BB5EAED009E2F7A /* LastNewsCell.swift in Sources */,
				5968C9101BB65B2E009E2F7A /* LoginViewController.swift in Sources */,
				5968C9121BB65BCC009E2F7A /* NavController.swift in Sources */,
				59E979D41BB69D22007517D6 /* DetailCollectionCell.swift in Sources */,
				5968C8AC1BB5F54A009E2F7A /* DetailViewController.swift in Sources */,
				5968C8851BB5E6DF009E2F7A /* AppDelegate.swift in Sources */,
				5968C8A71BB5E92A009E2F7A /* Utils.swift in Sources */,
			);
			runOnlyForDeploymentPostprocessing = 0;
		};
		5968C8901BB5E6DF009E2F7A /* Sources */ = {
			isa = PBXSourcesBuildPhase;
			buildActionMask = 2147483647;
			files = (
				5968C89B1BB5E6DF009E2F7A /* hackathonLNTests.swift in Sources */,
			);
			runOnlyForDeploymentPostprocessing = 0;
		};
/* End PBXSourcesBuildPhase section */

/* Begin PBXTargetDependency section */
		5968C8961BB5E6DF009E2F7A /* PBXTargetDependency */ = {
			isa = PBXTargetDependency;
			target = 5968C87E1BB5E6DF009E2F7A /* hackathonLN */;
			targetProxy = 5968C8951BB5E6DF009E2F7A /* PBXContainerItemProxy */;
		};
/* End PBXTargetDependency section */

/* Begin PBXVariantGroup section */
		5968C8881BB5E6DF009E2F7A /* Main.storyboard */ = {
			isa = PBXVariantGroup;
			children = (
				5968C8891BB5E6DF009E2F7A /* Base */,
			);
			name = Main.storyboard;
			sourceTree = "<group>";
		};
		5968C88D1BB5E6DF009E2F7A /* LaunchScreen.xib */ = {
			isa = PBXVariantGroup;
			children = (
				5968C88E1BB5E6DF009E2F7A /* Base */,
			);
			name = LaunchScreen.xib;
			sourceTree = "<group>";
		};
/* End PBXVariantGroup section */

/* Begin XCBuildConfiguration section */
		5968C89C1BB5E6DF009E2F7A /* Debug */ = {
			isa = XCBuildConfiguration;
			buildSettings = {
				ALWAYS_SEARCH_USER_PATHS = NO;
				CLANG_CXX_LANGUAGE_STANDARD = "gnu++0x";
				CLANG_CXX_LIBRARY = "libc++";
				CLANG_ENABLE_MODULES = YES;
				CLANG_ENABLE_OBJC_ARC = YES;
				CLANG_WARN_BOOL_CONVERSION = YES;
				CLANG_WARN_CONSTANT_CONVERSION = YES;
				CLANG_WARN_DIRECT_OBJC_ISA_USAGE = YES_ERROR;
				CLANG_WARN_EMPTY_BODY = YES;
				CLANG_WARN_ENUM_CONVERSION = YES;
				CLANG_WARN_INT_CONVERSION = YES;
				CLANG_WARN_OBJC_ROOT_CLASS = YES_ERROR;
				CLANG_WARN_UNREACHABLE_CODE = YES;
				CLANG_WARN__DUPLICATE_METHOD_MATCH = YES;
				"CODE_SIGN_IDENTITY[sdk=iphoneos*]" = "iPhone Developer";
				COPY_PHASE_STRIP = NO;
				DEBUG_INFORMATION_FORMAT = "dwarf-with-dsym";
				ENABLE_STRICT_OBJC_MSGSEND = YES;
				GCC_C_LANGUAGE_STANDARD = gnu99;
				GCC_DYNAMIC_NO_PIC = NO;
				GCC_NO_COMMON_BLOCKS = YES;
				GCC_OPTIMIZATION_LEVEL = 0;
				GCC_PREPROCESSOR_DEFINITIONS = (
					"DEBUG=1",
					"$(inherited)",
				);
				GCC_SYMBOLS_PRIVATE_EXTERN = NO;
				GCC_WARN_64_TO_32_BIT_CONVERSION = YES;
				GCC_WARN_ABOUT_RETURN_TYPE = YES_ERROR;
				GCC_WARN_UNDECLARED_SELECTOR = YES;
				GCC_WARN_UNINITIALIZED_AUTOS = YES_AGGRESSIVE;
				GCC_WARN_UNUSED_FUNCTION = YES;
				GCC_WARN_UNUSED_VARIABLE = YES;
				IPHONEOS_DEPLOYMENT_TARGET = 8.4;
				MTL_ENABLE_DEBUG_INFO = YES;
				ONLY_ACTIVE_ARCH = YES;
				SDKROOT = iphoneos;
				SWIFT_OPTIMIZATION_LEVEL = "-Onone";
			};
			name = Debug;
		};
		5968C89D1BB5E6DF009E2F7A /* Release */ = {
			isa = XCBuildConfiguration;
			buildSettings = {
				ALWAYS_SEARCH_USER_PATHS = NO;
				CLANG_CXX_LANGUAGE_STANDARD = "gnu++0x";
				CLANG_CXX_LIBRARY = "libc++";
				CLANG_ENABLE_MODULES = YES;
				CLANG_ENABLE_OBJC_ARC = YES;
				CLANG_WARN_BOOL_CONVERSION = YES;
				CLANG_WARN_CONSTANT_CONVERSION = YES;
				CLANG_WARN_DIRECT_OBJC_ISA_USAGE = YES_ERROR;
				CLANG_WARN_EMPTY_BODY = YES;
				CLANG_WARN_ENUM_CONVERSION = YES;
				CLANG_WARN_INT_CONVERSION = YES;
				CLANG_WARN_OBJC_ROOT_CLASS = YES_ERROR;
				CLANG_WARN_UNREACHABLE_CODE = YES;
				CLANG_WARN__DUPLICATE_METHOD_MATCH = YES;
				"CODE_SIGN_IDENTITY[sdk=iphoneos*]" = "iPhone Developer";
				COPY_PHASE_STRIP = NO;
				DEBUG_INFORMATION_FORMAT = "dwarf-with-dsym";
				ENABLE_NS_ASSERTIONS = NO;
				ENABLE_STRICT_OBJC_MSGSEND = YES;
				GCC_C_LANGUAGE_STANDARD = gnu99;
				GCC_NO_COMMON_BLOCKS = YES;
				GCC_WARN_64_TO_32_BIT_CONVERSION = YES;
				GCC_WARN_ABOUT_RETURN_TYPE = YES_ERROR;
				GCC_WARN_UNDECLARED_SELECTOR = YES;
				GCC_WARN_UNINITIALIZED_AUTOS = YES_AGGRESSIVE;
				GCC_WARN_UNUSED_FUNCTION = YES;
				GCC_WARN_UNUSED_VARIABLE = YES;
				IPHONEOS_DEPLOYMENT_TARGET = 8.4;
				MTL_ENABLE_DEBUG_INFO = NO;
				SDKROOT = iphoneos;
				VALIDATE_PRODUCT = YES;
			};
			name = Release;
		};
		5968C89F1BB5E6DF009E2F7A /* Debug */ = {
			isa = XCBuildConfiguration;
			buildSettings = {
				ASSETCATALOG_COMPILER_APPICON_NAME = AppIcon;
				CLANG_ENABLE_MODULES = YES;
				CODE_SIGN_IDENTITY = "iPhone Developer";
				FRAMEWORK_SEARCH_PATHS = (
					"$(inherited)",
					"$(PROJECT_DIR)/hackathonLN",
					/Users/f0go/Documents/FacebookSDK,
					"$(PROJECT_DIR)",
				);
				INFOPLIST_FILE = hackathonLN/Info.plist;
				LD_RUNPATH_SEARCH_PATHS = "$(inherited) @executable_path/Frameworks";
				PRODUCT_NAME = "$(TARGET_NAME)";
				SWIFT_OBJC_BRIDGING_HEADER = "hackathonLN/hackathonLN-Bridging-Header.h";
				SWIFT_OPTIMIZATION_LEVEL = "-Onone";
			};
			name = Debug;
		};
		5968C8A01BB5E6DF009E2F7A /* Release */ = {
			isa = XCBuildConfiguration;
			buildSettings = {
				ASSETCATALOG_COMPILER_APPICON_NAME = AppIcon;
				CLANG_ENABLE_MODULES = YES;
				CODE_SIGN_IDENTITY = "iPhone Developer";
				FRAMEWORK_SEARCH_PATHS = (
					"$(inherited)",
					"$(PROJECT_DIR)/hackathonLN",
					/Users/f0go/Documents/FacebookSDK,
					"$(PROJECT_DIR)",
				);
				INFOPLIST_FILE = hackathonLN/Info.plist;
				LD_RUNPATH_SEARCH_PATHS = "$(inherited) @executable_path/Frameworks";
				PRODUCT_NAME = "$(TARGET_NAME)";
				SWIFT_OBJC_BRIDGING_HEADER = "hackathonLN/hackathonLN-Bridging-Header.h";
			};
			name = Release;
		};
		5968C8A21BB5E6DF009E2F7A /* Debug */ = {
			isa = XCBuildConfiguration;
			buildSettings = {
				BUNDLE_LOADER = "$(TEST_HOST)";
				FRAMEWORK_SEARCH_PATHS = (
					"$(SDKROOT)/Developer/Library/Frameworks",
					"$(inherited)",
				);
				GCC_PREPROCESSOR_DEFINITIONS = (
					"DEBUG=1",
					"$(inherited)",
				);
				INFOPLIST_FILE = hackathonLNTests/Info.plist;
				LD_RUNPATH_SEARCH_PATHS = "$(inherited) @executable_path/Frameworks @loader_path/Frameworks";
				PRODUCT_NAME = "$(TARGET_NAME)";
				TEST_HOST = "$(BUILT_PRODUCTS_DIR)/hackathonLN.app/hackathonLN";
			};
			name = Debug;
		};
		5968C8A31BB5E6DF009E2F7A /* Release */ = {
			isa = XCBuildConfiguration;
			buildSettings = {
				BUNDLE_LOADER = "$(TEST_HOST)";
				FRAMEWORK_SEARCH_PATHS = (
					"$(SDKROOT)/Developer/Library/Frameworks",
					"$(inherited)",
				);
				INFOPLIST_FILE = hackathonLNTests/Info.plist;
				LD_RUNPATH_SEARCH_PATHS = "$(inherited) @executable_path/Frameworks @loader_path/Frameworks";
				PRODUCT_NAME = "$(TARGET_NAME)";
				TEST_HOST = "$(BUILT_PRODUCTS_DIR)/hackathonLN.app/hackathonLN";
			};
			name = Release;
		};
/* End XCBuildConfiguration section */

/* Begin XCConfigurationList section */
		5968C87A1BB5E6DF009E2F7A /* Build configuration list for PBXProject "hackathonLN" */ = {
			isa = XCConfigurationList;
			buildConfigurations = (
				5968C89C1BB5E6DF009E2F7A /* Debug */,
				5968C89D1BB5E6DF009E2F7A /* Release */,
			);
			defaultConfigurationIsVisible = 0;
			defaultConfigurationName = Release;
		};
		5968C89E1BB5E6DF009E2F7A /* Build configuration list for PBXNativeTarget "hackathonLN" */ = {
			isa = XCConfigurationList;
			buildConfigurations = (
				5968C89F1BB5E6DF009E2F7A /* Debug */,
				5968C8A01BB5E6DF009E2F7A /* Release */,
			);
			defaultConfigurationIsVisible = 0;
			defaultConfigurationName = Release;
		};
		5968C8A11BB5E6DF009E2F7A /* Build configuration list for PBXNativeTarget "hackathonLNTests" */ = {
			isa = XCConfigurationList;
			buildConfigurations = (
				5968C8A21BB5E6DF009E2F7A /* Debug */,
				5968C8A31BB5E6DF009E2F7A /* Release */,
			);
			defaultConfigurationIsVisible = 0;
			defaultConfigurationName = Release;
		};
/* End XCConfigurationList section */
	};
	rootObject = 5968C8771BB5E6DF009E2F7A /* Project object */;
}
