// !$*UTF8*$!
{
	archiveVersion = 1;
	classes = {
	};
	objectVersion = 46;
	objects = {

/* Begin PBXBuildFile section */
		5968C8851BB5E6DF009E2F7A /* AppDelegate.swift in Sources */ = {isa = PBXBuildFile; fileRef = 5968C8841BB5E6DF009E2F7A /* AppDelegate.swift */; };
		5968C8871BB5E6DF009E2F7A /* ViewController.swift in Sources */ = {isa = PBXBuildFile; fileRef = 5968C8861BB5E6DF009E2F7A /* ViewController.swift */; };
		5968C88A1BB5E6DF009E2F7A /* Main.storyboard in Resources */ = {isa = PBXBuildFile; fileRef = 5968C8881BB5E6DF009E2F7A /* Main.storyboard */; };
		5968C88C1BB5E6DF009E2F7A /* Images.xcassets in Resources */ = {isa = PBXBuildFile; fileRef = 5968C88B1BB5E6DF009E2F7A /* Images.xcassets */; };
		5968C88F1BB5E6DF009E2F7A /* LaunchScreen.xib in Resources */ = {isa = PBXBuildFile; fileRef = 5968C88D1BB5E6DF009E2F7A /* LaunchScreen.xib */; };
		5968C89B1BB5E6DF009E2F7A /* hackathonLNTests.swift in Sources */ = {isa = PBXBuildFile; fileRef = 5968C89A1BB5E6DF009E2F7A /* hackathonLNTests.swift */; };
		5968C8A51BB5E915009E2F7A /* SwiftyJSON.swift in Sources */ = {isa = PBXBuildFile; fileRef = 5968C8A41BB5E915009E2F7A /* SwiftyJSON.swift */; };
		5968C8A71BB5E92A009E2F7A /* Utils.swift in Sources */ = {isa = PBXBuildFile; fileRef = 5968C8A61BB5E92A009E2F7A /* Utils.swift */; };
		5968C8AA1BB5EAED009E2F7A /* LastNewsCell.swift in Sources */ = {isa = PBXBuildFile; fileRef = 5968C8A91BB5EAED009E2F7A /* LastNewsCell.swift */; };
		5968C8AC1BB5F54A009E2F7A /* DetailViewController.swift in Sources */ = {isa = PBXBuildFile; fileRef = 5968C8AB1BB5F54A009E2F7A /* DetailViewController.swift */; };
/* End PBXBuildFile section */

/* Begin PBXContainerItemProxy section */
		5968C8951BB5E6DF009E2F7A /* PBXContainerItemProxy */ = {
			isa = PBXContainerItemProxy;
			containerPortal = 5968C8771BB5E6DF009E2F7A /* Project object */;
			proxyType = 1;
			remoteGlobalIDString = 5968C87E1BB5E6DF009E2F7A;
			remoteInfo = hackathonLN;
		};
/* End PBXContainerItemProxy section */

/* Begin PBXFileReference section */
		5968C87F1BB5E6DF009E2F7A /* hackathonLN.app */ = {isa = PBXFileReference; explicitFileType = wrapper.application; includeInIndex = 0; path = hackathonLN.app; sourceTree = BUILT_PRODUCTS_DIR; };
		5968C8831BB5E6DF009E2F7A /* Info.plist */ = {isa = PBXFileReference; lastKnownFileType = text.plist.xml; path = Info.plist; sourceTree = "<group>"; };
		5968C8841BB5E6DF009E2F7A /* AppDelegate.swift */ = {isa = PBXFileReference; lastKnownFileType = sourcecode.swift; path = AppDelegate.swift; sourceTree = "<group>"; };
		5968C8861BB5E6DF009E2F7A /* ViewController.swift */ = {isa = PBXFileReference; lastKnownFileType = sourcecode.swift; path = ViewController.swift; sourceTree = "<group>"; };
		5968C8891BB5E6DF009E2F7A /* Base */ = {isa = PBXFileReference; lastKnownFileType = file.storyboard; name = Base; path = Base.lproj/Main.storyboard; sourceTree = "<group>"; };
		5968C88B1BB5E6DF009E2F7A /* Images.xcassets */ = {isa = PBXFileReference; lastKnownFileType = folder.assetcatalog; path = Images.xcassets; sourceTree = "<group>"; };
		5968C88E1BB5E6DF009E2F7A /* Base */ = {isa = PBXFileReference; lastKnownFileType = file.xib; name = Base; path = Base.lproj/LaunchScreen.xib; sourceTree = "<group>"; };
		5968C8941BB5E6DF009E2F7A /* hackathonLNTests.xctest */ = {isa = PBXFileReference; explicitFileType = wrapper.cfbundle; includeInIndex = 0; path = hackathonLNTests.xctest; sourceTree = BUILT_PRODUCTS_DIR; };
		5968C8991BB5E6DF009E2F7A /* Info.plist */ = {isa = PBXFileReference; lastKnownFileType = text.plist.xml; path = Info.plist; sourceTree = "<group>"; };
		5968C89A1BB5E6DF009E2F7A /* hackathonLNTests.swift */ = {isa = PBXFileReference; lastKnownFileType = sourcecode.swift; path = hackathonLNTests.swift; sourceTree = "<group>"; };
		5968C8A41BB5E915009E2F7A /* SwiftyJSON.swift */ = {isa = PBXFileReference; fileEncoding = 4; lastKnownFileType = sourcecode.swift; path = SwiftyJSON.swift; sourceTree = "<group>"; };
		5968C8A61BB5E92A009E2F7A /* Utils.swift */ = {isa = PBXFileReference; fileEncoding = 4; lastKnownFileType = sourcecode.swift; path = Utils.swift; sourceTree = "<group>"; };
		5968C8A91BB5EAED009E2F7A /* LastNewsCell.swift */ = {isa = PBXFileReference; fileEncoding = 4; lastKnownFileType = sourcecode.swift; path = LastNewsCell.swift; sourceTree = "<group>"; };
		5968C8AB1BB5F54A009E2F7A /* DetailViewController.swift */ = {isa = PBXFileReference; fileEncoding = 4; lastKnownFileType = sourcecode.swift; path = DetailViewController.swift; sourceTree = "<group>"; };
/* End PBXFileReference section */

/* Begin PBXFrameworksBuildPhase section */
		5968C87C1BB5E6DF009E2F7A /* Frameworks */ = {
			isa = PBXFrameworksBuildPhase;
			buildActionMask = 2147483647;
			files = (
			);
			runOnlyForDeploymentPostprocessing = 0;
		};
		5968C8911BB5E6DF009E2F7A /* Frameworks */ = {
			isa = PBXFrameworksBuildPhase;
			buildActionMask = 2147483647;
			files = (
			);
			runOnlyForDeploymentPostprocessing = 0;
		};
/* End PBXFrameworksBuildPhase section */

/* Begin PBXGroup section */
		5968C8761BB5E6DF009E2F7A = {
			isa = PBXGroup;
			children = (
				5968C8811BB5E6DF009E2F7A /* hackathonLN */,
				5968C8971BB5E6DF009E2F7A /* hackathonLNTests */,
				5968C8801BB5E6DF009E2F7A /* Products */,
			);
			sourceTree = "<group>";
		};
		5968C8801BB5E6DF009E2F7A /* Products */ = {
			isa = PBXGroup;
			children = (
				5968C87F1BB5E6DF009E2F7A /* hackathonLN.app */,
				5968C8941BB5E6DF009E2F7A /* hackathonLNTests.xctest */,
			);
			name = Products;
			sourceTree = "<group>";
		};
		5968C8811BB5E6DF009E2F7A /* hackathonLN */ = {
			isa = PBXGroup;
			children = (
				5968C8841BB5E6DF009E2F7A /* AppDelegate.swift */,
				5968C8A61BB5E92A009E2F7A /* Utils.swift */,
				5968C8A81BB5E978009E2F7A /* Views */,
				5968C8881BB5E6DF009E2F7A /* Main.storyboard */,
				5968C8A41BB5E915009E2F7A /* SwiftyJSON.swift */,
				5968C88B1BB5E6DF009E2F7A /* Images.xcassets */,
				5968C88D1BB5E6DF009E2F7A /* LaunchScreen.xib */,
				5968C8821BB5E6DF009E2F7A /* Supporting Files */,
			);
			path = hackathonLN;
			sourceTree = "<group>";
		};
		5968C8821BB5E6DF009E2F7A /* Supporting Files */ = {
			isa = PBXGroup;
			children = (
				5968C8831BB5E6DF009E2F7A /* Info.plist */,
			);
			name = "Supporting Files";
			sourceTree = "<group>";
		};
		5968C8971BB5E6DF009E2F7A /* hackathonLNTests */ = {
			isa = PBXGroup;
			children = (
				5968C89A1BB5E6DF009E2F7A /* hackathonLNTests.swift */,
				5968C8981BB5E6DF009E2F7A /* Supporting Files */,
			);
			path = hackathonLNTests;
			sourceTree = "<group>";
		};
		5968C8981BB5E6DF009E2F7A /* Supporting Files */ = {
			isa = PBXGroup;
			children = (
				5968C8991BB5E6DF009E2F7A /* Info.plist */,
			);
			name = "Supporting Files";
			sourceTree = "<group>";
		};
		5968C8A81BB5E978009E2F7A /* Views */ = {
			isa = PBXGroup;
			children = (
				5968C8861BB5E6DF009E2F7A /* ViewController.swift */,
				5968C8A91BB5EAED009E2F7A /* LastNewsCell.swift */,
				5968C8AB1BB5F54A009E2F7A /* DetailViewController.swift */,
			);
			name = Views;
			sourceTree = "<group>";
		};
/* End PBXGroup section */

/* Begin PBXNativeTarget section */
		5968C87E1BB5E6DF009E2F7A /* hackathonLN */ = {
			isa = PBXNativeTarget;
			buildConfigurationList = 5968C89E1BB5E6DF009E2F7A /* Build configuration list for PBXNativeTarget "hackathonLN" */;
			buildPhases = (
				5968C87B1BB5E6DF009E2F7A /* Sources */,
				5968C87C1BB5E6DF009E2F7A /* Frameworks */,
				5968C87D1BB5E6DF009E2F7A /* Resources */,
			);
			buildRules = (
			);
			dependencies = (
			);
			name = hackathonLN;
			productName = hackathonLN;
			productReference = 5968C87F1BB5E6DF009E2F7A /* hackathonLN.app */;
			productType = "com.apple.product-type.application";
		};
		5968C8931BB5E6DF009E2F7A /* hackathonLNTests */ = {
			isa = PBXNativeTarget;
			buildConfigurationList = 5968C8A11BB5E6DF009E2F7A /* Build configuration list for PBXNativeTarget "hackathonLNTests" */;
			buildPhases = (
				5968C8901BB5E6DF009E2F7A /* Sources */,
				5968C8911BB5E6DF009E2F7A /* Frameworks */,
				5968C8921BB5E6DF009E2F7A /* Resources */,
			);
			buildRules = (
			);
			dependencies = (
				5968C8961BB5E6DF009E2F7A /* PBXTargetDependency */,
			);
			name = hackathonLNTests;
			productName = hackathonLNTests;
			productReference = 5968C8941BB5E6DF009E2F7A /* hackathonLNTests.xctest */;
			productType = "com.apple.product-type.bundle.unit-test";
		};
/* End PBXNativeTarget section */

/* Begin PBXProject section */
		5968C8771BB5E6DF009E2F7A /* Project object */ = {
			isa = PBXProject;
			attributes = {
				LastUpgradeCheck = 0640;
				ORGANIZATIONNAME = f0go;
				TargetAttributes = {
					5968C87E1BB5E6DF009E2F7A = {
						CreatedOnToolsVersion = 6.4;
					};
					5968C8931BB5E6DF009E2F7A = {
						CreatedOnToolsVersion = 6.4;
						TestTargetID = 5968C87E1BB5E6DF009E2F7A;
					};
				};
			};
			buildConfigurationList = 5968C87A1BB5E6DF009E2F7A /* Build configuration list for PBXProject "hackathonLN" */;
			compatibilityVersion = "Xcode 3.2";
			developmentRegion = English;
			hasScannedForEncodings = 0;
			knownRegions = (
				en,
				Base,
			);
			mainGroup = 5968C8761BB5E6DF009E2F7A;
			productRefGroup = 5968C8801BB5E6DF009E2F7A /* Products */;
			projectDirPath = "";
			projectRoot = "";
			targets = (
				5968C87E1BB5E6DF009E2F7A /* hackathonLN */,
				5968C8931BB5E6DF009E2F7A /* hackathonLNTests */,
			);
		};
/* End PBXProject section */

/* Begin PBXResourcesBuildPhase section */
		5968C87D1BB5E6DF009E2F7A /* Resources */ = {
			isa = PBXResourcesBuildPhase;
			buildActionMask = 2147483647;
			files = (
				5968C88A1BB5E6DF009E2F7A /* Main.storyboard in Resources */,
				5968C88F1BB5E6DF009E2F7A /* LaunchScreen.xib in Resources */,
				5968C88C1BB5E6DF009E2F7A /* Images.xcassets in Resources */,
			);
			runOnlyForDeploymentPostprocessing = 0;
		};
		5968C8921BB5E6DF009E2F7A /* Resources */ = {
			isa = PBXResourcesBuildPhase;
			buildActionMask = 2147483647;
			files = (
			);
			runOnlyForDeploymentPostprocessing = 0;
		};
/* End PBXResourcesBuildPhase section */

/* Begin PBXSourcesBuildPhase section */
		5968C87B1BB5E6DF009E2F7A /* Sources */ = {
			isa = PBXSourcesBuildPhase;
			buildActionMask = 2147483647;
			files = (
				5968C8A51BB5E915009E2F7A /* SwiftyJSON.swift in Sources */,
				5968C8871BB5E6DF009E2F7A /* ViewController.swift in Sources */,
				5968C8AA1BB5EAED009E2F7A /* LastNewsCell.swift in Sources */,
				5968C8AC1BB5F54A009E2F7A /* DetailViewController.swift in Sources */,
				5968C8851BB5E6DF009E2F7A /* AppDelegate.swift in Sources */,
				5968C8A71BB5E92A009E2F7A /* Utils.swift in Sources */,
			);
			runOnlyForDeploymentPostprocessing = 0;
		};
		5968C8901BB5E6DF009E2F7A /* Sources */ = {
			isa = PBXSourcesBuildPhase;
			buildActionMask = 2147483647;
			files = (
				5968C89B1BB5E6DF009E2F7A /* hackathonLNTests.swift in Sources */,
			);
			runOnlyForDeploymentPostprocessing = 0;
		};
/* End PBXSourcesBuildPhase section */

/* Begin PBXTargetDependency section */
		5968C8961BB5E6DF009E2F7A /* PBXTargetDependency */ = {
			isa = PBXTargetDependency;
			target = 5968C87E1BB5E6DF009E2F7A /* hackathonLN */;
			targetProxy = 5968C8951BB5E6DF009E2F7A /* PBXContainerItemProxy */;
		};
/* End PBXTargetDependency section */

/* Begin PBXVariantGroup section */
		5968C8881BB5E6DF009E2F7A /* Main.storyboard */ = {
			isa = PBXVariantGroup;
			children = (
				5968C8891BB5E6DF009E2F7A /* Base */,
			);
			name = Main.storyboard;
			sourceTree = "<group>";
		};
		5968C88D1BB5E6DF009E2F7A /* LaunchScreen.xib */ = {
			isa = PBXVariantGroup;
			children = (
				5968C88E1BB5E6DF009E2F7A /* Base */,
			);
			name = LaunchScreen.xib;
			sourceTree = "<group>";
		};
/* End PBXVariantGroup section */

/* Begin XCBuildConfiguration section */
		5968C89C1BB5E6DF009E2F7A /* Debug */ = {
			isa = XCBuildConfiguration;
			buildSettings = {
				ALWAYS_SEARCH_USER_PATHS = NO;
				CLANG_CXX_LANGUAGE_STANDARD = "gnu++0x";
				CLANG_CXX_LIBRARY = "libc++";
				CLANG_ENABLE_MODULES = YES;
				CLANG_ENABLE_OBJC_ARC = YES;
				CLANG_WARN_BOOL_CONVERSION = YES;
				CLANG_WARN_CONSTANT_CONVERSION = YES;
				CLANG_WARN_DIRECT_OBJC_ISA_USAGE = YES_ERROR;
				CLANG_WARN_EMPTY_BODY = YES;
				CLANG_WARN_ENUM_CONVERSION = YES;
				CLANG_WARN_INT_CONVERSION = YES;
				CLANG_WARN_OBJC_ROOT_CLASS = YES_ERROR;
				CLANG_WARN_UNREACHABLE_CODE = YES;
				CLANG_WARN__DUPLICATE_METHOD_MATCH = YES;
				"CODE_SIGN_IDENTITY[sdk=iphoneos*]" = "iPhone Developer";
				COPY_PHASE_STRIP = NO;
				DEBUG_INFORMATION_FORMAT = "dwarf-with-dsym";
				ENABLE_STRICT_OBJC_MSGSEND = YES;
				GCC_C_LANGUAGE_STANDARD = gnu99;
				GCC_DYNAMIC_NO_PIC = NO;
				GCC_NO_COMMON_BLOCKS = YES;
				GCC_OPTIMIZATION_LEVEL = 0;
				GCC_PREPROCESSOR_DEFINITIONS = (
					"DEBUG=1",
					"$(inherited)",
				);
				GCC_SYMBOLS_PRIVATE_EXTERN = NO;
				GCC_WARN_64_TO_32_BIT_CONVERSION = YES;
				GCC_WARN_ABOUT_RETURN_TYPE = YES_ERROR;
				GCC_WARN_UNDECLARED_SELECTOR = YES;
				GCC_WARN_UNINITIALIZED_AUTOS = YES_AGGRESSIVE;
				GCC_WARN_UNUSED_FUNCTION = YES;
				GCC_WARN_UNUSED_VARIABLE = YES;
				IPHONEOS_DEPLOYMENT_TARGET = 8.4;
				MTL_ENABLE_DEBUG_INFO = YES;
				ONLY_ACTIVE_ARCH = YES;
				SDKROOT = iphoneos;
				SWIFT_OPTIMIZATION_LEVEL = "-Onone";
			};
			name = Debug;
		};
		5968C89D1BB5E6DF009E2F7A /* Release */ = {
			isa = XCBuildConfiguration;
			buildSettings = {
				ALWAYS_SEARCH_USER_PATHS = NO;
				CLANG_CXX_LANGUAGE_STANDARD = "gnu++0x";
				CLANG_CXX_LIBRARY = "libc++";
				CLANG_ENABLE_MODULES = YES;
				CLANG_ENABLE_OBJC_ARC = YES;
				CLANG_WARN_BOOL_CONVERSION = YES;
				CLANG_WARN_CONSTANT_CONVERSION = YES;
				CLANG_WARN_DIRECT_OBJC_ISA_USAGE = YES_ERROR;
				CLANG_WARN_EMPTY_BODY = YES;
				CLANG_WARN_ENUM_CONVERSION = YES;
				CLANG_WARN_INT_CONVERSION = YES;
				CLANG_WARN_OBJC_ROOT_CLASS = YES_ERROR;
				CLANG_WARN_UNREACHABLE_CODE = YES;
				CLANG_WARN__DUPLICATE_METHOD_MATCH = YES;
				"CODE_SIGN_IDENTITY[sdk=iphoneos*]" = "iPhone Developer";
				COPY_PHASE_STRIP = NO;
				DEBUG_INFORMATION_FORMAT = "dwarf-with-dsym";
				ENABLE_NS_ASSERTIONS = NO;
				ENABLE_STRICT_OBJC_MSGSEND = YES;
				GCC_C_LANGUAGE_STANDARD = gnu99;
				GCC_NO_COMMON_BLOCKS = YES;
				GCC_WARN_64_TO_32_BIT_CONVERSION = YES;
				GCC_WARN_ABOUT_RETURN_TYPE = YES_ERROR;
				GCC_WARN_UNDECLARED_SELECTOR = YES;
				GCC_WARN_UNINITIALIZED_AUTOS = YES_AGGRESSIVE;
				GCC_WARN_UNUSED_FUNCTION = YES;
				GCC_WARN_UNUSED_VARIABLE = YES;
				IPHONEOS_DEPLOYMENT_TARGET = 8.4;
				MTL_ENABLE_DEBUG_INFO = NO;
				SDKROOT = iphoneos;
				VALIDATE_PRODUCT = YES;
			};
			name = Release;
		};
		5968C89F1BB5E6DF009E2F7A /* Debug */ = {
			isa = XCBuildConfiguration;
			buildSettings = {
				ASSETCATALOG_COMPILER_APPICON_NAME = AppIcon;
				INFOPLIST_FILE = hackathonLN/Info.plist;
				LD_RUNPATH_SEARCH_PATHS = "$(inherited) @executable_path/Frameworks";
				PRODUCT_NAME = "$(TARGET_NAME)";
			};
			name = Debug;
		};
		5968C8A01BB5E6DF009E2F7A /* Release */ = {
			isa = XCBuildConfiguration;
			buildSettings = {
				ASSETCATALOG_COMPILER_APPICON_NAME = AppIcon;
				INFOPLIST_FILE = hackathonLN/Info.plist;
				LD_RUNPATH_SEARCH_PATHS = "$(inherited) @executable_path/Frameworks";
				PRODUCT_NAME = "$(TARGET_NAME)";
			};
			name = Release;
		};
		5968C8A21BB5E6DF009E2F7A /* Debug */ = {
			isa = XCBuildConfiguration;
			buildSettings = {
				BUNDLE_LOADER = "$(TEST_HOST)";
				FRAMEWORK_SEARCH_PATHS = (
					"$(SDKROOT)/Developer/Library/Frameworks",
					"$(inherited)",
				);
				GCC_PREPROCESSOR_DEFINITIONS = (
					"DEBUG=1",
					"$(inherited)",
				);
				INFOPLIST_FILE = hackathonLNTests/Info.plist;
				LD_RUNPATH_SEARCH_PATHS = "$(inherited) @executable_path/Frameworks @loader_path/Frameworks";
				PRODUCT_NAME = "$(TARGET_NAME)";
				TEST_HOST = "$(BUILT_PRODUCTS_DIR)/hackathonLN.app/hackathonLN";
			};
			name = Debug;
		};
		5968C8A31BB5E6DF009E2F7A /* Release */ = {
			isa = XCBuildConfiguration;
			buildSettings = {
				BUNDLE_LOADER = "$(TEST_HOST)";
				FRAMEWORK_SEARCH_PATHS = (
					"$(SDKROOT)/Developer/Library/Frameworks",
					"$(inherited)",
				);
				INFOPLIST_FILE = hackathonLNTests/Info.plist;
				LD_RUNPATH_SEARCH_PATHS = "$(inherited) @executable_path/Frameworks @loader_path/Frameworks";
				PRODUCT_NAME = "$(TARGET_NAME)";
				TEST_HOST = "$(BUILT_PRODUCTS_DIR)/hackathonLN.app/hackathonLN";
			};
			name = Release;
		};
/* End XCBuildConfiguration section */

/* Begin XCConfigurationList section */
		5968C87A1BB5E6DF009E2F7A /* Build configuration list for PBXProject "hackathonLN" */ = {
			isa = XCConfigurationList;
			buildConfigurations = (
				5968C89C1BB5E6DF009E2F7A /* Debug */,
				5968C89D1BB5E6DF009E2F7A /* Release */,
			);
			defaultConfigurationIsVisible = 0;
			defaultConfigurationName = Release;
		};
		5968C89E1BB5E6DF009E2F7A /* Build configuration list for PBXNativeTarget "hackathonLN" */ = {
			isa = XCConfigurationList;
			buildConfigurations = (
				5968C89F1BB5E6DF009E2F7A /* Debug */,
				5968C8A01BB5E6DF009E2F7A /* Release */,
			);
			defaultConfigurationIsVisible = 0;
		};
		5968C8A11BB5E6DF009E2F7A /* Build configuration list for PBXNativeTarget "hackathonLNTests" */ = {
			isa = XCConfigurationList;
			buildConfigurations = (
				5968C8A21BB5E6DF009E2F7A /* Debug */,
				5968C8A31BB5E6DF009E2F7A /* Release */,
			);
			defaultConfigurationIsVisible = 0;
		};
/* End XCConfigurationList section */
	};
	rootObject = 5968C8771BB5E6DF009E2F7A /* Project object */;
}
